{
    "_readme": [
        "This file locks the dependencies of your project to a known state",
        "Read more about it at https://getcomposer.org/doc/01-basic-usage.md#composer-lock-the-lock-file",
        "This file is @generated automatically"
    ],
    "hash": "0237d1176996e6f8a57800d39d227d89",
    "content-hash": "db9cc5bfe8240eea63cadb2dad325e57",
    "packages": [
        {
            "name": "mailjet/mailjet-apiv3-php-simple",
            "version": "v1.1.0",
            "source": {
                "type": "git",
                "url": "https://github.com/mailjet/mailjet-apiv3-php-simple.git",
                "reference": "212763a63a7532f0ba9564674e53652a98015368"
            },
            "dist": {
                "type": "zip",
                "url": "https://api.github.com/repos/mailjet/mailjet-apiv3-php-simple/zipball/212763a63a7532f0ba9564674e53652a98015368",
                "reference": "212763a63a7532f0ba9564674e53652a98015368",
                "shasum": ""
            },
            "require": {
                "php": ">=5.3.0"
            },
            "type": "library",
            "autoload": {
                "psr-0": {
                    "Mailjet": "src/"
                }
            },
            "notification-url": "https://packagist.org/downloads/",
            "license": [
                "MIT"
            ],
            "authors": [
                {
                    "name": "Mailjet",
                    "email": "dev@mailjet.com",
                    "homepage": "https://dev.mailjet.com"
                }
            ],
            "description": "[API v3] Simple PHP wrapper for the Mailjet API",
            "homepage": "https://github.com/mailjet/mailjet-apiv3-php-simple/",
            "keywords": [
                "Mailjet",
                "api",
                "email",
                "php",
                "v3"
            ],
            "time": "2015-10-14 09:24:11"
        }
    ],
    "packages-dev": [],
    "aliases": [],
    "minimum-stability": "stable",
    "stability-flags": [],
    "prefer-stable": false,
    "prefer-lowest": false,
    "platform": [],
    "platform-dev": []
}
